
Microsoft Visual Studio Solution File, Format Version 11.00
# Visual Studio 2010
Project("{8BC9CEB8-8B4A-11D0-8D11-00A0C91BC942}") = "程序2.11", "程序2.11\程序2.11.vcxproj", "{0821CC5F-1A47-4CFC-8F8B-B5A30CC25FCB}"
EndProject
Global
	GlobalSection(SolutionConfigurationPlatforms) = preSolution
		Debug|Win32 = Debug|Win32
		Release|Win32 = Release|Win32
	EndGlobalSection
	GlobalSection(ProjectConfigurationPlatforms) = postSolution
		{0821CC5F-1A47-4CFC-8F8B-B5A30CC25FCB}.Debug|Win32.ActiveCfg = Debug|Win32
		{0821CC5F-1A47-4CFC-8F8B-B5A30CC25FCB}.Debug|Win32.Build.0 = Debug|Win32
		{0821CC5F-1A47-4CFC-8F8B-B5A30CC25FCB}.Release|Win32.ActiveCfg = Release|Win32
		{0821CC5F-1A47-4CFC-8F8B-B5A30CC25FCB}.Release|Win32.Build.0 = Release|Win32
	EndGlobalSection
	GlobalSection(SolutionProperties) = preSolution
		HideSolutionNode = FALSE
	EndGlobalSection
EndGlobal
