
Microsoft Visual Studio Solution File, Format Version 11.00
# Visual Studio 2010
Project("{8BC9CEB8-8B4A-11D0-8D11-00A0C91BC942}") = "WSAAsyncSelect", "WSAAsyncSelect\WSAAsyncSelect.vcxproj", "{AA38F434-4E55-43DD-A4F4-15F57663D5B5}"
EndProject
Global
	GlobalSection(SolutionConfigurationPlatforms) = preSolution
		Debug|Win32 = Debug|Win32
		Release|Win32 = Release|Win32
	EndGlobalSection
	GlobalSection(ProjectConfigurationPlatforms) = postSolution
		{AA38F434-4E55-43DD-A4F4-15F57663D5B5}.Debug|Win32.ActiveCfg = Debug|Win32
		{AA38F434-4E55-43DD-A4F4-15F57663D5B5}.Debug|Win32.Build.0 = Debug|Win32
		{AA38F434-4E55-43DD-A4F4-15F57663D5B5}.Release|Win32.ActiveCfg = Release|Win32
		{AA38F434-4E55-43DD-A4F4-15F57663D5B5}.Release|Win32.Build.0 = Release|Win32
	EndGlobalSection
	GlobalSection(SolutionProperties) = preSolution
		HideSolutionNode = FALSE
	EndGlobalSection
EndGlobal
